// !$*UTF8*$!
{
	archiveVersion = 1;
	classes = {
	};
	objectVersion = 56;
	objects = {

/* Begin PBXBuildFile section */
		8402117B6E9817042284394A /* Pods_PizzaOrder.framework in Frameworks */ = {isa = PBXBuildFile; fileRef = 11E7547855405FCCD66010CD /* Pods_PizzaOrder.framework */; };
		E11FA5732A488A000028C818 /* PizzaController.swift in Sources */ = {isa = PBXBuildFile; fileRef = E11FA5722A488A000028C818 /* PizzaController.swift */; };
		E19F78BC2A4CD20F0073AC62 /* StructureMain.swift in Sources */ = {isa = PBXBuildFile; fileRef = E19F78BB2A4CD20F0073AC62 /* StructureMain.swift */; };
		E1DE8E782A486567004839B1 /* ProfileController.swift in Sources */ = {isa = PBXBuildFile; fileRef = E1DE8E772A486567004839B1 /* ProfileController.swift */; };
		E1DE8E7A2A48657A004839B1 /* SousController.swift in Sources */ = {isa = PBXBuildFile; fileRef = E1DE8E792A48657A004839B1 /* SousController.swift */; };
		E1DE8E7C2A486587004839B1 /* DrinkController.swift in Sources */ = {isa = PBXBuildFile; fileRef = E1DE8E7B2A486587004839B1 /* DrinkController.swift */; };
		E1DE8E7E2A486595004839B1 /* BasketController.swift in Sources */ = {isa = PBXBuildFile; fileRef = E1DE8E7D2A486595004839B1 /* BasketController.swift */; };
		E1DE8E802A486D9F004839B1 /* login.json in Resources */ = {isa = PBXBuildFile; fileRef = E1DE8E7F2A486D9F004839B1 /* login.json */; };
		E1E5CEAE2A4854CE00DBC70D /* AppDelegate.swift in Sources */ = {isa = PBXBuildFile; fileRef = E1E5CEAD2A4854CE00DBC70D /* AppDelegate.swift */; };
		E1E5CEB02A4854CE00DBC70D /* SceneDelegate.swift in Sources */ = {isa = PBXBuildFile; fileRef = E1E5CEAF2A4854CE00DBC70D /* SceneDelegate.swift */; };
		E1E5CEB22A4854CE00DBC70D /* LoginController.swift in Sources */ = {isa = PBXBuildFile; fileRef = E1E5CEB12A4854CE00DBC70D /* LoginController.swift */; };
		E1E5CEB72A4854D000DBC70D /* Assets.xcassets in Resources */ = {isa = PBXBuildFile; fileRef = E1E5CEB62A4854D000DBC70D /* Assets.xcassets */; };
		E1E5CEBA2A4854D000DBC70D /* LaunchScreen.storyboard in Resources */ = {isa = PBXBuildFile; fileRef = E1E5CEB82A4854D000DBC70D /* LaunchScreen.storyboard */; };
		E1E5CEC42A4860BD00DBC70D /* Main.storyboard in Resources */ = {isa = PBXBuildFile; fileRef = E1E5CEC32A4860BD00DBC70D /* Main.storyboard */; };
		E1E5CEC62A48652100DBC70D /* RegisterController.swift in Sources */ = {isa = PBXBuildFile; fileRef = E1E5CEC52A48652100DBC70D /* RegisterController.swift */; };
		E1F580862A5199860025F033 /* TableViewCell.swift in Sources */ = {isa = PBXBuildFile; fileRef = E1F580842A5199860025F033 /* TableViewCell.swift */; };
		E1F580872A5199860025F033 /* TableViewCell.xib in Resources */ = {isa = PBXBuildFile; fileRef = E1F580852A5199860025F033 /* TableViewCell.xib */; };
/* End PBXBuildFile section */

/* Begin PBXFileReference section */
		11E7547855405FCCD66010CD /* Pods_PizzaOrder.framework */ = {isa = PBXFileReference; explicitFileType = wrapper.framework; includeInIndex = 0; path = Pods_PizzaOrder.framework; sourceTree = BUILT_PRODUCTS_DIR; };
		370630F032488E96D083D3EA /* Pods-PizzaOrder.release.xcconfig */ = {isa = PBXFileReference; includeInIndex = 1; lastKnownFileType = text.xcconfig; name = "Pods-PizzaOrder.release.xcconfig"; path = "Target Support Files/Pods-PizzaOrder/Pods-PizzaOrder.release.xcconfig"; sourceTree = "<group>"; };
		C5699264C9C49373401A3A10 /* Pods-PizzaOrder.debug.xcconfig */ = {isa = PBXFileReference; includeInIndex = 1; lastKnownFileType = text.xcconfig; name = "Pods-PizzaOrder.debug.xcconfig"; path = "Target Support Files/Pods-PizzaOrder/Pods-PizzaOrder.debug.xcconfig"; sourceTree = "<group>"; };
		E11FA5722A488A000028C818 /* PizzaController.swift */ = {isa = PBXFileReference; lastKnownFileType = sourcecode.swift; path = PizzaController.swift; sourceTree = "<group>"; };
		E19F78BB2A4CD20F0073AC62 /* StructureMain.swift */ = {isa = PBXFileReference; lastKnownFileType = sourcecode.swift; path = StructureMain.swift; sourceTree = "<group>"; };
		E1DE8E772A486567004839B1 /* ProfileController.swift */ = {isa = PBXFileReference; lastKnownFileType = sourcecode.swift; path = ProfileController.swift; sourceTree = "<group>"; };
		E1DE8E792A48657A004839B1 /* SousController.swift */ = {isa = PBXFileReference; lastKnownFileType = sourcecode.swift; path = SousController.swift; sourceTree = "<group>"; };
		E1DE8E7B2A486587004839B1 /* DrinkController.swift */ = {isa = PBXFileReference; lastKnownFileType = sourcecode.swift; path = DrinkController.swift; sourceTree = "<group>"; };
		E1DE8E7D2A486595004839B1 /* BasketController.swift */ = {isa = PBXFileReference; lastKnownFileType = sourcecode.swift; path = BasketController.swift; sourceTree = "<group>"; };
		E1DE8E7F2A486D9F004839B1 /* login.json */ = {isa = PBXFileReference; fileEncoding = 4; lastKnownFileType = text.json; path = login.json; sourceTree = "<group>"; };
		E1E5CEAA2A4854CE00DBC70D /* PizzaOrder.app */ = {isa = PBXFileReference; explicitFileType = wrapper.application; includeInIndex = 0; path = PizzaOrder.app; sourceTree = BUILT_PRODUCTS_DIR; };
		E1E5CEAD2A4854CE00DBC70D /* AppDelegate.swift */ = {isa = PBXFileReference; lastKnownFileType = sourcecode.swift; path = AppDelegate.swift; sourceTree = "<group>"; };
		E1E5CEAF2A4854CE00DBC70D /* SceneDelegate.swift */ = {isa = PBXFileReference; lastKnownFileType = sourcecode.swift; path = SceneDelegate.swift; sourceTree = "<group>"; };
		E1E5CEB12A4854CE00DBC70D /* LoginController.swift */ = {isa = PBXFileReference; lastKnownFileType = sourcecode.swift; path = LoginController.swift; sourceTree = "<group>"; };
		E1E5CEB62A4854D000DBC70D /* Assets.xcassets */ = {isa = PBXFileReference; lastKnownFileType = folder.assetcatalog; path = Assets.xcassets; sourceTree = "<group>"; };
		E1E5CEB92A4854D000DBC70D /* Base */ = {isa = PBXFileReference; lastKnownFileType = file.storyboard; name = Base; path = Base.lproj/LaunchScreen.storyboard; sourceTree = "<group>"; };
		E1E5CEBB2A4854D000DBC70D /* Info.plist */ = {isa = PBXFileReference; lastKnownFileType = text.plist.xml; path = Info.plist; sourceTree = "<group>"; };
		E1E5CEC32A4860BD00DBC70D /* Main.storyboard */ = {isa = PBXFileReference; lastKnownFileType = file.storyboard; path = Main.storyboard; sourceTree = "<group>"; };
		E1E5CEC52A48652100DBC70D /* RegisterController.swift */ = {isa = PBXFileReference; lastKnownFileType = sourcecode.swift; path = RegisterController.swift; sourceTree = "<group>"; };
		E1F580842A5199860025F033 /* TableViewCell.swift */ = {isa = PBXFileReference; lastKnownFileType = sourcecode.swift; path = TableViewCell.swift; sourceTree = "<group>"; };
		E1F580852A5199860025F033 /* TableViewCell.xib */ = {isa = PBXFileReference; lastKnownFileType = file.xib; path = TableViewCell.xib; sourceTree = "<group>"; };
/* End PBXFileReference section */

/* Begin PBXFrameworksBuildPhase section */
		E1E5CEA72A4854CE00DBC70D /* Frameworks */ = {
			isa = PBXFrameworksBuildPhase;
			buildActionMask = 2147483647;
			files = (
				8402117B6E9817042284394A /* Pods_PizzaOrder.framework in Frameworks */,
			);
			runOnlyForDeploymentPostprocessing = 0;
		};
/* End PBXFrameworksBuildPhase section */

/* Begin PBXGroup section */
		471C1B7A73E342504FB73721 /* Frameworks */ = {
			isa = PBXGroup;
			children = (
				11E7547855405FCCD66010CD /* Pods_PizzaOrder.framework */,
			);
			name = Frameworks;
			sourceTree = "<group>";
		};
		AD33C1F1FAA15CCE859A3D64 /* Pods */ = {
			isa = PBXGroup;
			children = (
				C5699264C9C49373401A3A10 /* Pods-PizzaOrder.debug.xcconfig */,
				370630F032488E96D083D3EA /* Pods-PizzaOrder.release.xcconfig */,
			);
			path = Pods;
			sourceTree = "<group>";
		};
		E1E5CEA12A4854CE00DBC70D = {
			isa = PBXGroup;
			children = (
				E1E5CEAC2A4854CE00DBC70D /* PizzaOrder */,
				E1E5CEAB2A4854CE00DBC70D /* Products */,
				AD33C1F1FAA15CCE859A3D64 /* Pods */,
				471C1B7A73E342504FB73721 /* Frameworks */,
			);
			sourceTree = "<group>";
		};
		E1E5CEAB2A4854CE00DBC70D /* Products */ = {
			isa = PBXGroup;
			children = (
				E1E5CEAA2A4854CE00DBC70D /* PizzaOrder.app */,
			);
			name = Products;
			sourceTree = "<group>";
		};
		E1E5CEAC2A4854CE00DBC70D /* PizzaOrder */ = {
			isa = PBXGroup;
			children = (
				E1E5CEAD2A4854CE00DBC70D /* AppDelegate.swift */,
				E1E5CEAF2A4854CE00DBC70D /* SceneDelegate.swift */,
				E1E5CEB12A4854CE00DBC70D /* LoginController.swift */,
				E1E5CEC52A48652100DBC70D /* RegisterController.swift */,
				E11FA5722A488A000028C818 /* PizzaController.swift */,
				E1DE8E772A486567004839B1 /* ProfileController.swift */,
				E1DE8E792A48657A004839B1 /* SousController.swift */,
				E1DE8E7B2A486587004839B1 /* DrinkController.swift */,
				E1DE8E7D2A486595004839B1 /* BasketController.swift */,
				E19F78BB2A4CD20F0073AC62 /* StructureMain.swift */,
				E1E5CEB62A4854D000DBC70D /* Assets.xcassets */,
				E1E5CEB82A4854D000DBC70D /* LaunchScreen.storyboard */,
				E1E5CEC32A4860BD00DBC70D /* Main.storyboard */,
				E1DE8E7F2A486D9F004839B1 /* login.json */,
				E1E5CEBB2A4854D000DBC70D /* Info.plist */,
				E1F580842A5199860025F033 /* TableViewCell.swift */,
				E1F580852A5199860025F033 /* TableViewCell.xib */,
			);
			path = PizzaOrder;
			sourceTree = "<group>";
		};
/* End PBXGroup section */

/* Begin PBXNativeTarget section */
		E1E5CEA92A4854CE00DBC70D /* PizzaOrder */ = {
			isa = PBXNativeTarget;
			buildConfigurationList = E1E5CEBE2A4854D000DBC70D /* Build configuration list for PBXNativeTarget "PizzaOrder" */;
			buildPhases = (
				373E8405F411012B9F4BFDB1 /* [CP] Check Pods Manifest.lock */,
				E1E5CEA62A4854CE00DBC70D /* Sources */,
				E1E5CEA72A4854CE00DBC70D /* Frameworks */,
				E1E5CEA82A4854CE00DBC70D /* Resources */,
				8E5A2091706F9A6AD67F9AE2 /* [CP] Embed Pods Frameworks */,
			);
			buildRules = (
			);
			dependencies = (
			);
			name = PizzaOrder;
			productName = PizzaOrder;
			productReference = E1E5CEAA2A4854CE00DBC70D /* PizzaOrder.app */;
			productType = "com.apple.product-type.application";
		};
/* End PBXNativeTarget section */

/* Begin PBXProject section */
		E1E5CEA22A4854CE00DBC70D /* Project object */ = {
			isa = PBXProject;
			attributes = {
				BuildIndependentTargetsInParallel = 1;
				LastSwiftUpdateCheck = 1430;
				LastUpgradeCheck = 1430;
				TargetAttributes = {
					E1E5CEA92A4854CE00DBC70D = {
						CreatedOnToolsVersion = 14.3.1;
					};
				};
			};
			buildConfigurationList = E1E5CEA52A4854CE00DBC70D /* Build configuration list for PBXProject "PizzaOrder" */;
			compatibilityVersion = "Xcode 14.0";
			developmentRegion = en;
			hasScannedForEncodings = 0;
			knownRegions = (
				en,
				Base,
			);
			mainGroup = E1E5CEA12A4854CE00DBC70D;
			productRefGroup = E1E5CEAB2A4854CE00DBC70D /* Products */;
			projectDirPath = "";
			projectRoot = "";
			targets = (
				E1E5CEA92A4854CE00DBC70D /* PizzaOrder */,
			);
		};
/* End PBXProject section */

/* Begin PBXResourcesBuildPhase section */
		E1E5CEA82A4854CE00DBC70D /* Resources */ = {
			isa = PBXResourcesBuildPhase;
			buildActionMask = 2147483647;
			files = (
				E1E5CEC42A4860BD00DBC70D /* Main.storyboard in Resources */,
				E1F580872A5199860025F033 /* TableViewCell.xib in Resources */,
				E1E5CEBA2A4854D000DBC70D /* LaunchScreen.storyboard in Resources */,
				E1E5CEB72A4854D000DBC70D /* Assets.xcassets in Resources */,
				E1DE8E802A486D9F004839B1 /* login.json in Resources */,
			);
			runOnlyForDeploymentPostprocessing = 0;
		};
/* End PBXResourcesBuildPhase section */

/* Begin PBXShellScriptBuildPhase section */
		373E8405F411012B9F4BFDB1 /* [CP] Check Pods Manifest.lock */ = {
			isa = PBXShellScriptBuildPhase;
			buildActionMask = 2147483647;
			files = (
			);
			inputFileListPaths = (
			);
			inputPaths = (
				"${PODS_PODFILE_DIR_PATH}/Podfile.lock",
				"${PODS_ROOT}/Manifest.lock",
			);
			name = "[CP] Check Pods Manifest.lock";
			outputFileListPaths = (
			);
			outputPaths = (
				"$(DERIVED_FILE_DIR)/Pods-PizzaOrder-checkManifestLockResult.txt",
			);
			runOnlyForDeploymentPostprocessing = 0;
			shellPath = /bin/sh;
			shellScript = "diff \"${PODS_PODFILE_DIR_PATH}/Podfile.lock\" \"${PODS_ROOT}/Manifest.lock\" > /dev/null\nif [ $? != 0 ] ; then\n    # print error to STDERR\n    echo \"error: The sandbox is not in sync with the Podfile.lock. Run 'pod install' or update your CocoaPods installation.\" >&2\n    exit 1\nfi\n# This output is used by Xcode 'outputs' to avoid re-running this script phase.\necho \"SUCCESS\" > \"${SCRIPT_OUTPUT_FILE_0}\"\n";
			showEnvVarsInLog = 0;
		};
		8E5A2091706F9A6AD67F9AE2 /* [CP] Embed Pods Frameworks */ = {
			isa = PBXShellScriptBuildPhase;
			buildActionMask = 2147483647;
			files = (
			);
			inputFileListPaths = (
				"${PODS_ROOT}/Target Support Files/Pods-PizzaOrder/Pods-PizzaOrder-frameworks-${CONFIGURATION}-input-files.xcfilelist",
			);
			name = "[CP] Embed Pods Frameworks";
			outputFileListPaths = (
				"${PODS_ROOT}/Target Support Files/Pods-PizzaOrder/Pods-PizzaOrder-frameworks-${CONFIGURATION}-output-files.xcfilelist",
			);
			runOnlyForDeploymentPostprocessing = 0;
			shellPath = /bin/sh;
			shellScript = "\"${PODS_ROOT}/Target Support Files/Pods-PizzaOrder/Pods-PizzaOrder-frameworks.sh\"\n";
			showEnvVarsInLog = 0;
		};
/* End PBXShellScriptBuildPhase section */

/* Begin PBXSourcesBuildPhase section */
		E1E5CEA62A4854CE00DBC70D /* Sources */ = {
			isa = PBXSourcesBuildPhase;
			buildActionMask = 2147483647;
			files = (
				E1DE8E7E2A486595004839B1 /* BasketController.swift in Sources */,
				E1E5CEC62A48652100DBC70D /* RegisterController.swift in Sources */,
				E19F78BC2A4CD20F0073AC62 /* StructureMain.swift in Sources */,
				E1E5CEB22A4854CE00DBC70D /* LoginController.swift in Sources */,
				E1E5CEAE2A4854CE00DBC70D /* AppDelegate.swift in Sources */,
				E11FA5732A488A000028C818 /* PizzaController.swift in Sources */,
				E1F580862A5199860025F033 /* TableViewCell.swift in Sources */,
				E1E5CEB02A4854CE00DBC70D /* SceneDelegate.swift in Sources */,
				E1DE8E7C2A486587004839B1 /* DrinkController.swift in Sources */,
				E1DE8E7A2A48657A004839B1 /* SousController.swift in Sources */,
				E1DE8E782A486567004839B1 /* ProfileController.swift in Sources */,
			);
			runOnlyForDeploymentPostprocessing = 0;
		};
/* End PBXSourcesBuildPhase section */

/* Begin PBXVariantGroup section */
		E1E5CEB82A4854D000DBC70D /* LaunchScreen.storyboard */ = {
			isa = PBXVariantGroup;
			children = (
				E1E5CEB92A4854D000DBC70D /* Base */,
			);
			name = LaunchScreen.storyboard;
			sourceTree = "<group>";
		};
/* End PBXVariantGroup section */

/* Begin XCBuildConfiguration section */
		E1E5CEBC2A4854D000DBC70D /* Debug */ = {
			isa = XCBuildConfiguration;
			buildSettings = {
				ALWAYS_SEARCH_USER_PATHS = NO;
				CLANG_ANALYZER_NONNULL = YES;
				CLANG_ANALYZER_NUMBER_OBJECT_CONVERSION = YES_AGGRESSIVE;
				CLANG_CXX_LANGUAGE_STANDARD = "gnu++20";
				CLANG_ENABLE_MODULES = YES;
				CLANG_ENABLE_OBJC_ARC = YES;
				CLANG_ENABLE_OBJC_WEAK = YES;
				CLANG_WARN_BLOCK_CAPTURE_AUTORELEASING = YES;
				CLANG_WARN_BOOL_CONVERSION = YES;
				CLANG_WARN_COMMA = YES;
				CLANG_WARN_CONSTANT_CONVERSION = YES;
				CLANG_WARN_DEPRECATED_OBJC_IMPLEMENTATIONS = YES;
				CLANG_WARN_DIRECT_OBJC_ISA_USAGE = YES_ERROR;
				CLANG_WARN_DOCUMENTATION_COMMENTS = YES;
				CLANG_WARN_EMPTY_BODY = YES;
				CLANG_WARN_ENUM_CONVERSION = YES;
				CLANG_WARN_INFINITE_RECURSION = YES;
				CLANG_WARN_INT_CONVERSION = YES;
				CLANG_WARN_NON_LITERAL_NULL_CONVERSION = YES;
				CLANG_WARN_OBJC_IMPLICIT_RETAIN_SELF = YES;
				CLANG_WARN_OBJC_LITERAL_CONVERSION = YES;
				CLANG_WARN_OBJC_ROOT_CLASS = YES_ERROR;
				CLANG_WARN_QUOTED_INCLUDE_IN_FRAMEWORK_HEADER = YES;
				CLANG_WARN_RANGE_LOOP_ANALYSIS = YES;
				CLANG_WARN_STRICT_PROTOTYPES = YES;
				CLANG_WARN_SUSPICIOUS_MOVE = YES;
				CLANG_WARN_UNGUARDED_AVAILABILITY = YES_AGGRESSIVE;
				CLANG_WARN_UNREACHABLE_CODE = YES;
				CLANG_WARN__DUPLICATE_METHOD_MATCH = YES;
				COPY_PHASE_STRIP = NO;
				DEBUG_INFORMATION_FORMAT = dwarf;
				ENABLE_STRICT_OBJC_MSGSEND = YES;
				ENABLE_TESTABILITY = YES;
				GCC_C_LANGUAGE_STANDARD = gnu11;
				GCC_DYNAMIC_NO_PIC = NO;
				GCC_NO_COMMON_BLOCKS = YES;
				GCC_OPTIMIZATION_LEVEL = 0;
				GCC_PREPROCESSOR_DEFINITIONS = (
					"DEBUG=1",
					"$(inherited)",
				);
				GCC_WARN_64_TO_32_BIT_CONVERSION = YES;
				GCC_WARN_ABOUT_RETURN_TYPE = YES_ERROR;
				GCC_WARN_UNDECLARED_SELECTOR = YES;
				GCC_WARN_UNINITIALIZED_AUTOS = YES_AGGRESSIVE;
				GCC_WARN_UNUSED_FUNCTION = YES;
				GCC_WARN_UNUSED_VARIABLE = YES;
				IPHONEOS_DEPLOYMENT_TARGET = 16.4;
				MTL_ENABLE_DEBUG_INFO = INCLUDE_SOURCE;
				MTL_FAST_MATH = YES;
				ONLY_ACTIVE_ARCH = YES;
				SDKROOT = iphoneos;
				SWIFT_ACTIVE_COMPILATION_CONDITIONS = DEBUG;
				SWIFT_OPTIMIZATION_LEVEL = "-Onone";
			};
			name = Debug;
		};
		E1E5CEBD2A4854D000DBC70D /* Release */ = {
			isa = XCBuildConfiguration;
			buildSettings = {
				ALWAYS_SEARCH_USER_PATHS = NO;
				CLANG_ANALYZER_NONNULL = YES;
				CLANG_ANALYZER_NUMBER_OBJECT_CONVERSION = YES_AGGRESSIVE;
				CLANG_CXX_LANGUAGE_STANDARD = "gnu++20";
				CLANG_ENABLE_MODULES = YES;
				CLANG_ENABLE_OBJC_ARC = YES;
				CLANG_ENABLE_OBJC_WEAK = YES;
				CLANG_WARN_BLOCK_CAPTURE_AUTORELEASING = YES;
				CLANG_WARN_BOOL_CONVERSION = YES;
				CLANG_WARN_COMMA = YES;
				CLANG_WARN_CONSTANT_CONVERSION = YES;
				CLANG_WARN_DEPRECATED_OBJC_IMPLEMENTATIONS = YES;
				CLANG_WARN_DIRECT_OBJC_ISA_USAGE = YES_ERROR;
				CLANG_WARN_DOCUMENTATION_COMMENTS = YES;
				CLANG_WARN_EMPTY_BODY = YES;
				CLANG_WARN_ENUM_CONVERSION = YES;
				CLANG_WARN_INFINITE_RECURSION = YES;
				CLANG_WARN_INT_CONVERSION = YES;
				CLANG_WARN_NON_LITERAL_NULL_CONVERSION = YES;
				CLANG_WARN_OBJC_IMPLICIT_RETAIN_SELF = YES;
				CLANG_WARN_OBJC_LITERAL_CONVERSION = YES;
				CLANG_WARN_OBJC_ROOT_CLASS = YES_ERROR;
				CLANG_WARN_QUOTED_INCLUDE_IN_FRAMEWORK_HEADER = YES;
				CLANG_WARN_RANGE_LOOP_ANALYSIS = YES;
				CLANG_WARN_STRICT_PROTOTYPES = YES;
				CLANG_WARN_SUSPICIOUS_MOVE = YES;
				CLANG_WARN_UNGUARDED_AVAILABILITY = YES_AGGRESSIVE;
				CLANG_WARN_UNREACHABLE_CODE = YES;
				CLANG_WARN__DUPLICATE_METHOD_MATCH = YES;
				COPY_PHASE_STRIP = NO;
				DEBUG_INFORMATION_FORMAT = "dwarf-with-dsym";
				ENABLE_NS_ASSERTIONS = NO;
				ENABLE_STRICT_OBJC_MSGSEND = YES;
				GCC_C_LANGUAGE_STANDARD = gnu11;
				GCC_NO_COMMON_BLOCKS = YES;
				GCC_WARN_64_TO_32_BIT_CONVERSION = YES;
				GCC_WARN_ABOUT_RETURN_TYPE = YES_ERROR;
				GCC_WARN_UNDECLARED_SELECTOR = YES;
				GCC_WARN_UNINITIALIZED_AUTOS = YES_AGGRESSIVE;
				GCC_WARN_UNUSED_FUNCTION = YES;
				GCC_WARN_UNUSED_VARIABLE = YES;
				IPHONEOS_DEPLOYMENT_TARGET = 16.4;
				MTL_ENABLE_DEBUG_INFO = NO;
				MTL_FAST_MATH = YES;
				SDKROOT = iphoneos;
				SWIFT_COMPILATION_MODE = wholemodule;
				SWIFT_OPTIMIZATION_LEVEL = "-O";
				VALIDATE_PRODUCT = YES;
			};
			name = Release;
		};
		E1E5CEBF2A4854D000DBC70D /* Debug */ = {
			isa = XCBuildConfiguration;
			baseConfigurationReference = C5699264C9C49373401A3A10 /* Pods-PizzaOrder.debug.xcconfig */;
			buildSettings = {
				ASSETCATALOG_COMPILER_APPICON_NAME = AppIcon;
				ASSETCATALOG_COMPILER_GLOBAL_ACCENT_COLOR_NAME = AccentColor;
				CODE_SIGN_IDENTITY = "Apple Development";
				CODE_SIGN_STYLE = Automatic;
				CURRENT_PROJECT_VERSION = 1;
				DEVELOPMENT_TEAM = QZWP454K86;
				GENERATE_INFOPLIST_FILE = YES;
				INFOPLIST_FILE = PizzaOrder/Info.plist;
				INFOPLIST_KEY_UIApplicationSupportsIndirectInputEvents = YES;
				INFOPLIST_KEY_UILaunchStoryboardName = LaunchScreen;
				INFOPLIST_KEY_UIMainStoryboardFile = Main;
				INFOPLIST_KEY_UISupportedInterfaceOrientations_iPad = "UIInterfaceOrientationPortrait UIInterfaceOrientationPortraitUpsideDown UIInterfaceOrientationLandscapeLeft UIInterfaceOrientationLandscapeRight";
				INFOPLIST_KEY_UISupportedInterfaceOrientations_iPhone = "UIInterfaceOrientationPortrait UIInterfaceOrientationLandscapeLeft UIInterfaceOrientationLandscapeRight";
				IPHONEOS_DEPLOYMENT_TARGET = 15.0;
				LD_RUNPATH_SEARCH_PATHS = (
					"$(inherited)",
					"@executable_path/Frameworks",
				);
				MARKETING_VERSION = 1.0;
				PRODUCT_BUNDLE_IDENTIFIER = com.ulvi1;
				PRODUCT_NAME = "$(TARGET_NAME)";
				PROVISIONING_PROFILE_SPECIFIER = "";
				SWIFT_EMIT_LOC_STRINGS = YES;
				SWIFT_VERSION = 5.0;
				TARGETED_DEVICE_FAMILY = "1,2";
			};
			name = Debug;
		};
		E1E5CEC02A4854D000DBC70D /* Release */ = {
			isa = XCBuildConfiguration;
			baseConfigurationReference = 370630F032488E96D083D3EA /* Pods-PizzaOrder.release.xcconfig */;
			buildSettings = {
				ASSETCATALOG_COMPILER_APPICON_NAME = AppIcon;
				ASSETCATALOG_COMPILER_GLOBAL_ACCENT_COLOR_NAME = AccentColor;
				CODE_SIGN_IDENTITY = "Apple Development";
				CODE_SIGN_STYLE = Automatic;
				CURRENT_PROJECT_VERSION = 1;
				DEVELOPMENT_TEAM = QZWP454K86;
				GENERATE_INFOPLIST_FILE = YES;
				INFOPLIST_FILE = PizzaOrder/Info.plist;
				INFOPLIST_KEY_UIApplicationSupportsIndirectInputEvents = YES;
				INFOPLIST_KEY_UILaunchStoryboardName = LaunchScreen;
				INFOPLIST_KEY_UIMainStoryboardFile = Main;
				INFOPLIST_KEY_UISupportedInterfaceOrientations_iPad = "UIInterfaceOrientationPortrait UIInterfaceOrientationPortraitUpsideDown UIInterfaceOrientationLandscapeLeft UIInterfaceOrientationLandscapeRight";
				INFOPLIST_KEY_UISupportedInterfaceOrientations_iPhone = "UIInterfaceOrientationPortrait UIInterfaceOrientationLandscapeLeft UIInterfaceOrientationLandscapeRight";
				IPHONEOS_DEPLOYMENT_TARGET = 15.0;
				LD_RUNPATH_SEARCH_PATHS = (
					"$(inherited)",
					"@executable_path/Frameworks",
				);
				MARKETING_VERSION = 1.0;
				PRODUCT_BUNDLE_IDENTIFIER = com.ulvi1;
				PRODUCT_NAME = "$(TARGET_NAME)";
				PROVISIONING_PROFILE_SPECIFIER = "";
				SWIFT_EMIT_LOC_STRINGS = YES;
				SWIFT_VERSION = 5.0;
				TARGETED_DEVICE_FAMILY = "1,2";
			};
			name = Release;
		};
/* End XCBuildConfiguration section */

/* Begin XCConfigurationList section */
		E1E5CEA52A4854CE00DBC70D /* Build configuration list for PBXProject "PizzaOrder" */ = {
			isa = XCConfigurationList;
			buildConfigurations = (
				E1E5CEBC2A4854D000DBC70D /* Debug */,
				E1E5CEBD2A4854D000DBC70D /* Release */,
			);
			defaultConfigurationIsVisible = 0;
			defaultConfigurationName = Release;
		};
		E1E5CEBE2A4854D000DBC70D /* Build configuration list for PBXNativeTarget "PizzaOrder" */ = {
			isa = XCConfigurationList;
			buildConfigurations = (
				E1E5CEBF2A4854D000DBC70D /* Debug */,
				E1E5CEC02A4854D000DBC70D /* Release */,
			);
			defaultConfigurationIsVisible = 0;
			defaultConfigurationName = Release;
		};
/* End XCConfigurationList section */
	};
	rootObject = E1E5CEA22A4854CE00DBC70D /* Project object */;
}
